
Microsoft Visual Studio Solution File, Format Version 12.00
# Visual Studio Version 17
VisualStudioVersion = 17.5.33414.496
MinimumVisualStudioVersion = 10.0.40219.1
Project("{9A19103F-16F7-4668-BE54-9A1E7A4F7556}") = "NomenclatureDemo", "NomenclatureDemo.csproj", "{0E8935E8-9528-4929-9440-3609C7DAA83F}"
EndProject
Global
	GlobalSection(SolutionConfigurationPlatforms) = preSolution
		Debug|Any CPU = Debug|Any CPU
		Release|Any CPU = Release|Any CPU
	EndGlobalSection
	GlobalSection(ProjectConfigurationPlatforms) = postSolution
		{0E8935E8-9528-4929-9440-3609C7DAA83F}.Debug|Any CPU.ActiveCfg = Debug|Any CPU
		{0E8935E8-9528-4929-9440-3609C7DAA83F}.Debug|Any CPU.Build.0 = Debug|Any CPU
		{0E8935E8-9528-4929-9440-3609C7DAA83F}.Release|Any CPU.ActiveCfg = Release|Any CPU
		{0E8935E8-9528-4929-9440-3609C7DAA83F}.Release|Any CPU.Build.0 = Release|Any CPU
	EndGlobalSection
	GlobalSection(SolutionProperties) = preSolution
		HideSolutionNode = FALSE
	EndGlobalSection
	GlobalSection(ExtensibilityGlobals) = postSolution
		SolutionGuid = {C83FDB1C-ED46-4340-B12C-4214339097F1}
	EndGlobalSection
EndGlobal
